// !$*UTF8*$!
{
	"archiveVersion" = "1";
	"classes" = {
	};
	"objectVersion" = "56";
	"objects" = {
		"209DFDAE478B3915B79E71F1" = {
			"isa" = "PBXFileReference";
			"lastKnownFileType" = "sourcecode.swift";
			"path" = "SecondHand/Core/AppAuthentication.swift";
			"sourceTree" = "SOURCE_ROOT";
		};
		"AC62D47534F9238CCBAE52EE" = {
			"isa" = "PBXFileReference";
			"lastKnownFileType" = "sourcecode.swift";
			"path" = "SecondHand/Core/AppStore.swift";
			"sourceTree" = "SOURCE_ROOT";
		};
		"12B20CD8AD59EF74A9F97DFB" = {
			"isa" = "PBXFileReference";
			"lastKnownFileType" = "sourcecode.swift";
			"path" = "SecondHand/Core/DocumentOCR.swift";
			"sourceTree" = "SOURCE_ROOT";
		};
		"544EFA230CE3D861CD7856A0" = {
			"isa" = "PBXFileReference";
			"lastKnownFileType" = "sourcecode.swift";
			"path" = "SecondHand/Core/Models.swift";
			"sourceTree" = "SOURCE_ROOT";
		};
		"F52BAF4FC250E4971553A81A" = {
			"isa" = "PBXFileReference";
			"lastKnownFileType" = "sourcecode.swift";
			"path" = "SecondHand/Core/ReminderScheduler.swift";
			"sourceTree" = "SOURCE_ROOT";
		};
		"593F761B3A02F11ED9F7E739" = {
			"isa" = "PBXFileReference";
			"lastKnownFileType" = "sourcecode.swift";
			"path" = "SecondHand/Core/SecureVault.swift";
			"sourceTree" = "SOURCE_ROOT";
		};
		"4AD88B8ECD2B6EEEAE4F5A48" = {
			"isa" = "PBXFileReference";
			"lastKnownFileType" = "sourcecode.swift";
			"path" = "SecondHand/QA/OfflineApplicantQAView.swift";
			"sourceTree" = "SOURCE_ROOT";
		};
		"0BCA6E3BB81DECC43ECCE875" = {
			"isa" = "PBXFileReference";
			"lastKnownFileType" = "sourcecode.swift";
			"path" = "SecondHand/SecondHandApp.swift";
			"sourceTree" = "SOURCE_ROOT";
		};
		"2938FAEC18EC0DA325647932" = {
			"isa" = "PBXFileReference";
			"lastKnownFileType" = "sourcecode.swift";
			"path" = "SecondHand/Views/DesignSystem.swift";
			"sourceTree" = "SOURCE_ROOT";
		};
		"086A968FF92072F8399CB5F8" = {
			"isa" = "PBXFileReference";
			"lastKnownFileType" = "sourcecode.swift";
			"path" = "SecondHand/Views/DocumentScanner.swift";
			"sourceTree" = "SOURCE_ROOT";
		};
		"1DA65FCB56C2597220471E65" = {
			"isa" = "PBXFileReference";
			"lastKnownFileType" = "sourcecode.swift";
			"path" = "SecondHand/Views/DocumentsView.swift";
			"sourceTree" = "SOURCE_ROOT";
		};
		"B5AA56EFDBD7E53EE8937D87" = {
			"isa" = "PBXFileReference";
			"lastKnownFileType" = "sourcecode.swift";
			"path" = "SecondHand/Views/OverviewView.swift";
			"sourceTree" = "SOURCE_ROOT";
		};
		"8B7ED5737C04CEC11BC23731" = {
			"isa" = "PBXFileReference";
			"lastKnownFileType" = "sourcecode.swift";
			"path" = "SecondHand/Views/PrivacyShield.swift";
			"sourceTree" = "SOURCE_ROOT";
		};
		"60193982B7DB7E766ADB4545" = {
			"isa" = "PBXFileReference";
			"lastKnownFileType" = "sourcecode.swift";
			"path" = "SecondHand/Views/ProfileView.swift";
			"sourceTree" = "SOURCE_ROOT";
		};
		"6492D9A38EA41B9EB7578026" = {
			"isa" = "PBXFileReference";
			"lastKnownFileType" = "sourcecode.swift";
			"path" = "SecondHand/Views/SettingsView.swift";
			"sourceTree" = "SOURCE_ROOT";
		};
		"1AB2BCF12CF077AC7EC7BB37" = {
			"isa" = "PBXFileReference";
			"lastKnownFileType" = "sourcecode.swift";
			"path" = "SafariExtension/SafariWebExtensionHandler.swift";
			"sourceTree" = "SOURCE_ROOT";
		};
		"7FABE174E0F7A3305D2AB747" = {
			"isa" = "PBXFileReference";
			"lastKnownFileType" = "sourcecode.swift";
			"path" = "Tests/CoreTests.swift";
			"sourceTree" = "SOURCE_ROOT";
		};
		"1835CDA21EF9B4D0162D2AB4" = {
			"isa" = "PBXFileReference";
			"lastKnownFileType" = "sourcecode.swift";
			"path" = "Tests/DocumentOCRTests.swift";
			"sourceTree" = "SOURCE_ROOT";
		};
		"965CDD8F1B1AF46A9DA76208" = {
			"isa" = "PBXFileReference";
			"lastKnownFileType" = "sourcecode.swift";
			"path" = "Tests/AppUITests.swift";
			"sourceTree" = "SOURCE_ROOT";
		};
		"258638FBCB2C5C331AAD30D6" = {
			"isa" = "PBXFileReference";
			"lastKnownFileType" = "folder.assetcatalog";
			"path" = "SecondHand/Assets.xcassets";
			"sourceTree" = "SOURCE_ROOT";
		};
		"EA1CA7506195A4236396D94D" = {
			"isa" = "PBXFileReference";
			"lastKnownFileType" = "sourcecode.javascript";
			"path" = "SafariExtension/Resources/application-assistant.js";
			"sourceTree" = "SOURCE_ROOT";
		};
		"F2555821D901F73663E3E7DA" = {
			"isa" = "PBXFileReference";
			"lastKnownFileType" = "text";
			"path" = "SafariExtension/Resources/background.js";
			"sourceTree" = "SOURCE_ROOT";
		};
		"1A5DEDB8D4B0950EEFD67A88" = {
			"isa" = "PBXFileReference";
			"lastKnownFileType" = "sourcecode.javascript";
			"path" = "SafariExtension/Resources/field-mapper.js";
			"sourceTree" = "SOURCE_ROOT";
		};
		"7B0231021FE4853F1671FEFC" = {
			"isa" = "PBXFileReference";
			"lastKnownFileType" = "image.png";
			"path" = "SafariExtension/Resources/icon-128.png";
			"sourceTree" = "SOURCE_ROOT";
		};
		"A1CBF4E0EE32D922D50C35B2" = {
			"isa" = "PBXFileReference";
			"lastKnownFileType" = "image.png";
			"path" = "SafariExtension/Resources/icon-256.png";
			"sourceTree" = "SOURCE_ROOT";
		};
		"C5C6C2D62483F0137A13CF50" = {
			"isa" = "PBXFileReference";
			"lastKnownFileType" = "image.png";
			"path" = "SafariExtension/Resources/icon-48.png";
			"sourceTree" = "SOURCE_ROOT";
		};
		"ABB6DBEB3B50CFE221F27C18" = {
			"isa" = "PBXFileReference";
			"lastKnownFileType" = "image.png";
			"path" = "SafariExtension/Resources/icon-512.png";
			"sourceTree" = "SOURCE_ROOT";
		};
		"8B57EBB18C3D1A6649188D2F" = {
			"isa" = "PBXFileReference";
			"lastKnownFileType" = "image.png";
			"path" = "SafariExtension/Resources/icon-96.png";
			"sourceTree" = "SOURCE_ROOT";
		};
		"F634B87F20561C3CAC59CD66" = {
			"isa" = "PBXFileReference";
			"lastKnownFileType" = "text";
			"path" = "SafariExtension/Resources/manifest.json";
			"sourceTree" = "SOURCE_ROOT";
		};
		"8B0E5637653B5216765F7A8F" = {
			"isa" = "PBXFileReference";
			"lastKnownFileType" = "text";
			"path" = "SafariExtension/Resources/popup.css";
			"sourceTree" = "SOURCE_ROOT";
		};
		"EBD889393485FD246A1C8298" = {
			"isa" = "PBXFileReference";
			"lastKnownFileType" = "text";
			"path" = "SafariExtension/Resources/popup.html";
			"sourceTree" = "SOURCE_ROOT";
		};
		"A5219A9D4DA87AE38F9A0F3E" = {
			"isa" = "PBXFileReference";
			"lastKnownFileType" = "text";
			"path" = "SafariExtension/Resources/popup.js";
			"sourceTree" = "SOURCE_ROOT";
		};
		"C173C594D5E453E168E13384" = {
			"isa" = "PBXFileReference";
			"lastKnownFileType" = "sourcecode.javascript";
			"path" = "../extension/iowa-adapter.js";
			"sourceTree" = "SOURCE_ROOT";
		};
		"F062122B40C90EE505E9EC81" = {
			"isa" = "PBXFileReference";
			"lastKnownFileType" = "text.html";
			"path" = "QAResources/iowa-personal-information.html";
			"sourceTree" = "SOURCE_ROOT";
		};
		"AD0EEBBD398209D9EDC6C92A" = {
			"isa" = "PBXFileReference";
			"lastKnownFileType" = "sourcecode.javascript";
			"path" = "../extension/address-policy.js";
			"sourceTree" = "SOURCE_ROOT";
		};
		"8D775C3A3F8898DEFB604C56" = {
			"isa" = "PBXFileReference";
			"explicitFileType" = "wrapper.application";
			"includeInIndex" = "0";
			"path" = "SecondHand.app";
			"sourceTree" = "BUILT_PRODUCTS_DIR";
		};
		"39FF51C090F0C5334C519584" = {
			"isa" = "PBXFileReference";
			"explicitFileType" = "wrapper.app-extension";
			"includeInIndex" = "0";
			"path" = "SafariExtension.appex";
			"sourceTree" = "BUILT_PRODUCTS_DIR";
		};
		"7460B46AFB914F2853C7EA02" = {
			"isa" = "PBXFileReference";
			"explicitFileType" = "wrapper.cfbundle";
			"includeInIndex" = "0";
			"path" = "SecondHandTests.xctest";
			"sourceTree" = "BUILT_PRODUCTS_DIR";
		};
		"D21386D08AC5A7D6E9E38039" = {
			"isa" = "PBXFileReference";
			"explicitFileType" = "wrapper.cfbundle";
			"includeInIndex" = "0";
			"path" = "SecondHandUITests.xctest";
			"sourceTree" = "BUILT_PRODUCTS_DIR";
		};
		"5D374BDD1F912C84C099BD74" = {
			"isa" = "PBXBuildFile";
			"fileRef" = "39FF51C090F0C5334C519584";
			"settings" = {
				"ATTRIBUTES" = ("RemoveHeadersOnCopy");
			};
		};
		"70169F10B8C6D32730D688FB" = {
			"isa" = "PBXCopyFilesBuildPhase";
			"buildActionMask" = "2147483647";
			"dstPath" = "";
			"dstSubfolderSpec" = "13";
			"files" = ("5D374BDD1F912C84C099BD74");
			"name" = "Embed App Extensions";
			"runOnlyForDeploymentPostprocessing" = "0";
		};
		"BCAEABF5DC16F82BD94ACC1E" = {
			"isa" = "PBXContainerItemProxy";
			"containerPortal" = "244210E48437B6556980A702";
			"proxyType" = "1";
			"remoteGlobalIDString" = "B1CBD432F63C615025ABEEEA";
			"remoteInfo" = "SafariExtension";
		};
		"C36A7DF6140F9A1E90D950FA" = {
			"isa" = "PBXTargetDependency";
			"target" = "B1CBD432F63C615025ABEEEA";
			"targetProxy" = "BCAEABF5DC16F82BD94ACC1E";
		};
		"A86292F98985C0FCD0B433A4" = {
			"isa" = "PBXContainerItemProxy";
			"containerPortal" = "244210E48437B6556980A702";
			"proxyType" = "1";
			"remoteGlobalIDString" = "CF1D0F17BB8CDE0C5DAEDA27";
			"remoteInfo" = "SecondHand";
		};
		"E4B2056AF23A63B073643052" = {
			"isa" = "PBXTargetDependency";
			"target" = "CF1D0F17BB8CDE0C5DAEDA27";
			"targetProxy" = "A86292F98985C0FCD0B433A4";
		};
		"8516701C2C66C123C0D2B879" = {
			"isa" = "XCBuildConfiguration";
			"buildSettings" = {
				"IPHONEOS_DEPLOYMENT_TARGET" = "17.0";
				"SDKROOT" = "iphoneos";
				"SWIFT_VERSION" = "5.0";
				"TARGETED_DEVICE_FAMILY" = "1,2";
				"CODE_SIGN_STYLE" = "Automatic";
				"CLANG_ENABLE_MODULES" = "YES";
				"SWIFT_STRICT_CONCURRENCY" = "complete";
				"ENABLE_USER_SCRIPT_SANDBOXING" = "YES";
				"SUPPORTS_MACCATALYST" = "NO";
				"PRODUCT_BUNDLE_IDENTIFIER" = "com.ethanpam.secondhand.SafariExtension";
				"PRODUCT_NAME" = "$(TARGET_NAME)";
				"INFOPLIST_FILE" = "SafariExtension/Info.plist";
				"CODE_SIGN_ENTITLEMENTS" = "SafariExtension/SafariExtension.entitlements";
				"APPLICATION_EXTENSION_API_ONLY" = "YES";
				"SKIP_INSTALL" = "YES";
				"LD_RUNPATH_SEARCH_PATHS" = ("$(inherited)", "@executable_path/Frameworks", "@executable_path/../../Frameworks");
				"SWIFT_OPTIMIZATION_LEVEL" = "-Onone";
				"SWIFT_ACTIVE_COMPILATION_CONDITIONS" = "DEBUG";
				"DEBUG_INFORMATION_FORMAT" = "dwarf";
			};
			"name" = "Debug";
		};
		"E17E630013B36925083B26AF" = {
			"isa" = "XCBuildConfiguration";
			"buildSettings" = {
				"IPHONEOS_DEPLOYMENT_TARGET" = "17.0";
				"SDKROOT" = "iphoneos";
				"SWIFT_VERSION" = "5.0";
				"TARGETED_DEVICE_FAMILY" = "1,2";
				"CODE_SIGN_STYLE" = "Automatic";
				"CLANG_ENABLE_MODULES" = "YES";
				"SWIFT_STRICT_CONCURRENCY" = "complete";
				"ENABLE_USER_SCRIPT_SANDBOXING" = "YES";
				"SUPPORTS_MACCATALYST" = "NO";
				"PRODUCT_BUNDLE_IDENTIFIER" = "com.ethanpam.secondhand.SafariExtension";
				"PRODUCT_NAME" = "$(TARGET_NAME)";
				"INFOPLIST_FILE" = "SafariExtension/Info.plist";
				"CODE_SIGN_ENTITLEMENTS" = "SafariExtension/SafariExtension.entitlements";
				"APPLICATION_EXTENSION_API_ONLY" = "YES";
				"SKIP_INSTALL" = "YES";
				"LD_RUNPATH_SEARCH_PATHS" = ("$(inherited)", "@executable_path/Frameworks", "@executable_path/../../Frameworks");
				"SWIFT_OPTIMIZATION_LEVEL" = "-O";
				"SWIFT_ACTIVE_COMPILATION_CONDITIONS" = "";
				"DEBUG_INFORMATION_FORMAT" = "dwarf-with-dsym";
			};
			"name" = "Release";
		};
		"D66253AA4EE1596296E23DB4" = {
			"isa" = "XCConfigurationList";
			"buildConfigurations" = ("8516701C2C66C123C0D2B879", "E17E630013B36925083B26AF");
			"defaultConfigurationIsVisible" = "0";
			"defaultConfigurationName" = "Release";
		};
		"24A1F15927F34C0485123568" = {
			"isa" = "PBXBuildFile";
			"fileRef" = "544EFA230CE3D861CD7856A0";
		};
		"213262272D5E2903799537E4" = {
			"isa" = "PBXBuildFile";
			"fileRef" = "593F761B3A02F11ED9F7E739";
		};
		"F26F212CEA6382B8EE14AE0F" = {
			"isa" = "PBXBuildFile";
			"fileRef" = "1AB2BCF12CF077AC7EC7BB37";
		};
		"0F791C25CF6747840A8A45B6" = {
			"isa" = "PBXSourcesBuildPhase";
			"buildActionMask" = "2147483647";
			"files" = ("24A1F15927F34C0485123568", "213262272D5E2903799537E4", "F26F212CEA6382B8EE14AE0F");
			"runOnlyForDeploymentPostprocessing" = "0";
		};
		"B435C949546E4BDCE37ED60C" = {
			"isa" = "PBXFrameworksBuildPhase";
			"buildActionMask" = "2147483647";
			"files" = ();
			"runOnlyForDeploymentPostprocessing" = "0";
		};
		"4CFA0FED950FC6C40AE86B50" = {
			"isa" = "PBXBuildFile";
			"fileRef" = "EA1CA7506195A4236396D94D";
		};
		"4380376969F8D175558E94AB" = {
			"isa" = "PBXBuildFile";
			"fileRef" = "F2555821D901F73663E3E7DA";
		};
		"77C913AC1C8B0339338C9041" = {
			"isa" = "PBXBuildFile";
			"fileRef" = "1A5DEDB8D4B0950EEFD67A88";
		};
		"5F87F37C66236555A19A6B1C" = {
			"isa" = "PBXBuildFile";
			"fileRef" = "7B0231021FE4853F1671FEFC";
		};
		"9ECA84E03E8199BDB0BA94B3" = {
			"isa" = "PBXBuildFile";
			"fileRef" = "A1CBF4E0EE32D922D50C35B2";
		};
		"28897C5CC0139D47CDA63CBB" = {
			"isa" = "PBXBuildFile";
			"fileRef" = "C5C6C2D62483F0137A13CF50";
		};
		"52B5F6B4226AC440187D54F4" = {
			"isa" = "PBXBuildFile";
			"fileRef" = "ABB6DBEB3B50CFE221F27C18";
		};
		"DEF930C8D1C7B4427A3C7A35" = {
			"isa" = "PBXBuildFile";
			"fileRef" = "8B57EBB18C3D1A6649188D2F";
		};
		"09CB1C1E2B9F2BA2304B55EF" = {
			"isa" = "PBXBuildFile";
			"fileRef" = "F634B87F20561C3CAC59CD66";
		};
		"27339792E7E958150DCABF33" = {
			"isa" = "PBXBuildFile";
			"fileRef" = "8B0E5637653B5216765F7A8F";
		};
		"2C0F210020CECDA5066FE1BD" = {
			"isa" = "PBXBuildFile";
			"fileRef" = "EBD889393485FD246A1C8298";
		};
		"63ECE86778A4C3C171CA1CC5" = {
			"isa" = "PBXBuildFile";
			"fileRef" = "A5219A9D4DA87AE38F9A0F3E";
		};
		"53067A078A151C21D226AEC8" = {
			"isa" = "PBXBuildFile";
			"fileRef" = "C173C594D5E453E168E13384";
		};
		"1E4A4DBF0E2DB79342619F39" = {
			"isa" = "PBXResourcesBuildPhase";
			"buildActionMask" = "2147483647";
			"files" = ("4CFA0FED950FC6C40AE86B50", "4380376969F8D175558E94AB", "77C913AC1C8B0339338C9041", "5F87F37C66236555A19A6B1C", "9ECA84E03E8199BDB0BA94B3", "28897C5CC0139D47CDA63CBB", "52B5F6B4226AC440187D54F4", "DEF930C8D1C7B4427A3C7A35", "09CB1C1E2B9F2BA2304B55EF", "27339792E7E958150DCABF33", "2C0F210020CECDA5066FE1BD", "63ECE86778A4C3C171CA1CC5", "53067A078A151C21D226AEC8");
			"runOnlyForDeploymentPostprocessing" = "0";
		};
		"B1CBD432F63C615025ABEEEA" = {
			"isa" = "PBXNativeTarget";
			"buildConfigurationList" = "D66253AA4EE1596296E23DB4";
			"buildPhases" = ("0F791C25CF6747840A8A45B6", "B435C949546E4BDCE37ED60C", "1E4A4DBF0E2DB79342619F39");
			"buildRules" = ();
			"dependencies" = ();
			"name" = "SafariExtension";
			"productName" = "SafariExtension";
			"productReference" = "39FF51C090F0C5334C519584";
			"productType" = "com.apple.product-type.app-extension";
		};
		"9BC77F24FBEC029EFFA96A49" = {
			"isa" = "XCBuildConfiguration";
			"buildSettings" = {
				"IPHONEOS_DEPLOYMENT_TARGET" = "17.0";
				"SDKROOT" = "iphoneos";
				"SWIFT_VERSION" = "5.0";
				"TARGETED_DEVICE_FAMILY" = "1,2";
				"CODE_SIGN_STYLE" = "Automatic";
				"CLANG_ENABLE_MODULES" = "YES";
				"SWIFT_STRICT_CONCURRENCY" = "complete";
				"ENABLE_USER_SCRIPT_SANDBOXING" = "YES";
				"SUPPORTS_MACCATALYST" = "NO";
				"PRODUCT_BUNDLE_IDENTIFIER" = "com.ethanpam.secondhand";
				"PRODUCT_NAME" = "$(TARGET_NAME)";
				"INFOPLIST_FILE" = "SecondHand/Info.plist";
				"CODE_SIGN_ENTITLEMENTS" = "SecondHand/SecondHand.entitlements";
				"ASSETCATALOG_COMPILER_APPICON_NAME" = "AppIcon";
				"ASSETCATALOG_COMPILER_GLOBAL_ACCENT_COLOR_NAME" = "AccentColor";
				"LD_RUNPATH_SEARCH_PATHS" = ("$(inherited)", "@executable_path/Frameworks");
				"SWIFT_OPTIMIZATION_LEVEL" = "-Onone";
				"SWIFT_ACTIVE_COMPILATION_CONDITIONS" = "DEBUG";
				"DEBUG_INFORMATION_FORMAT" = "dwarf";
			};
			"name" = "Debug";
		};
		"90980DEF92621927038957D8" = {
			"isa" = "XCBuildConfiguration";
			"buildSettings" = {
				"IPHONEOS_DEPLOYMENT_TARGET" = "17.0";
				"SDKROOT" = "iphoneos";
				"SWIFT_VERSION" = "5.0";
				"TARGETED_DEVICE_FAMILY" = "1,2";
				"CODE_SIGN_STYLE" = "Automatic";
				"CLANG_ENABLE_MODULES" = "YES";
				"SWIFT_STRICT_CONCURRENCY" = "complete";
				"ENABLE_USER_SCRIPT_SANDBOXING" = "YES";
				"SUPPORTS_MACCATALYST" = "NO";
				"PRODUCT_BUNDLE_IDENTIFIER" = "com.ethanpam.secondhand";
				"PRODUCT_NAME" = "$(TARGET_NAME)";
				"INFOPLIST_FILE" = "SecondHand/Info.plist";
				"CODE_SIGN_ENTITLEMENTS" = "SecondHand/SecondHand.entitlements";
				"ASSETCATALOG_COMPILER_APPICON_NAME" = "AppIcon";
				"ASSETCATALOG_COMPILER_GLOBAL_ACCENT_COLOR_NAME" = "AccentColor";
				"LD_RUNPATH_SEARCH_PATHS" = ("$(inherited)", "@executable_path/Frameworks");
				"SWIFT_OPTIMIZATION_LEVEL" = "-O";
				"SWIFT_ACTIVE_COMPILATION_CONDITIONS" = "";
				"DEBUG_INFORMATION_FORMAT" = "dwarf-with-dsym";
			};
			"name" = "Release";
		};
		"3BE1B1921C40001BF38C1B2B" = {
			"isa" = "XCConfigurationList";
			"buildConfigurations" = ("9BC77F24FBEC029EFFA96A49", "90980DEF92621927038957D8");
			"defaultConfigurationIsVisible" = "0";
			"defaultConfigurationName" = "Release";
		};
		"F90B964DDAE8591B983FA853" = {
			"isa" = "PBXBuildFile";
			"fileRef" = "209DFDAE478B3915B79E71F1";
		};
		"C1F6021830C5FF61DE52D3FE" = {
			"isa" = "PBXBuildFile";
			"fileRef" = "AC62D47534F9238CCBAE52EE";
		};
		"D2BC9963B0FFFB1DD1C3FC03" = {
			"isa" = "PBXBuildFile";
			"fileRef" = "12B20CD8AD59EF74A9F97DFB";
		};
		"78B213DC98E024E3185B09ED" = {
			"isa" = "PBXBuildFile";
			"fileRef" = "544EFA230CE3D861CD7856A0";
		};
		"B1048C7FAC5337F373EDB97D" = {
			"isa" = "PBXBuildFile";
			"fileRef" = "F52BAF4FC250E4971553A81A";
		};
		"C6CBF9A035DC0EE3A63BA6BE" = {
			"isa" = "PBXBuildFile";
			"fileRef" = "593F761B3A02F11ED9F7E739";
		};
		"7432A569F4AFBEDA1D3BBC6B" = {
			"isa" = "PBXBuildFile";
			"fileRef" = "4AD88B8ECD2B6EEEAE4F5A48";
		};
		"61DB3F8A9B8204DCA5F7D3C4" = {
			"isa" = "PBXBuildFile";
			"fileRef" = "0BCA6E3BB81DECC43ECCE875";
		};
		"1759FC36B421CE510FE1E7D7" = {
			"isa" = "PBXBuildFile";
			"fileRef" = "2938FAEC18EC0DA325647932";
		};
		"D206EBBA4399A0C7CBA24E80" = {
			"isa" = "PBXBuildFile";
			"fileRef" = "086A968FF92072F8399CB5F8";
		};
		"6EA94544F74B99C8FA6668EE" = {
			"isa" = "PBXBuildFile";
			"fileRef" = "1DA65FCB56C2597220471E65";
		};
		"A06444CF4B7045E31EC6563A" = {
			"isa" = "PBXBuildFile";
			"fileRef" = "B5AA56EFDBD7E53EE8937D87";
		};
		"B4B8B2C3E4386DC72E160B6E" = {
			"isa" = "PBXBuildFile";
			"fileRef" = "8B7ED5737C04CEC11BC23731";
		};
		"9B647DCB2D4A530939F0FD5B" = {
			"isa" = "PBXBuildFile";
			"fileRef" = "60193982B7DB7E766ADB4545";
		};
		"05E42C2A89EB565C2BDE9C33" = {
			"isa" = "PBXBuildFile";
			"fileRef" = "6492D9A38EA41B9EB7578026";
		};
		"EED08678A55096DC5608FAAE" = {
			"isa" = "PBXSourcesBuildPhase";
			"buildActionMask" = "2147483647";
			"files" = ("F90B964DDAE8591B983FA853", "C1F6021830C5FF61DE52D3FE", "D2BC9963B0FFFB1DD1C3FC03", "78B213DC98E024E3185B09ED", "B1048C7FAC5337F373EDB97D", "C6CBF9A035DC0EE3A63BA6BE", "7432A569F4AFBEDA1D3BBC6B", "61DB3F8A9B8204DCA5F7D3C4", "1759FC36B421CE510FE1E7D7", "D206EBBA4399A0C7CBA24E80", "6EA94544F74B99C8FA6668EE", "A06444CF4B7045E31EC6563A", "B4B8B2C3E4386DC72E160B6E", "9B647DCB2D4A530939F0FD5B", "05E42C2A89EB565C2BDE9C33");
			"runOnlyForDeploymentPostprocessing" = "0";
		};
		"D63755EE8216F3EF96F68F1F" = {
			"isa" = "PBXFrameworksBuildPhase";
			"buildActionMask" = "2147483647";
			"files" = ();
			"runOnlyForDeploymentPostprocessing" = "0";
		};
		"2B9F1170102136D27FC64516" = {
			"isa" = "PBXBuildFile";
			"fileRef" = "258638FBCB2C5C331AAD30D6";
		};
		"2AE68441D8E16EE08F33B8B6" = {
			"isa" = "PBXBuildFile";
			"fileRef" = "F062122B40C90EE505E9EC81";
		};
		"4DAAF8841A3FF5D5332B9D37" = {
			"isa" = "PBXBuildFile";
			"fileRef" = "1A5DEDB8D4B0950EEFD67A88";
		};
		"66FE47545AD81AC69AA5BD50" = {
			"isa" = "PBXBuildFile";
			"fileRef" = "EA1CA7506195A4236396D94D";
		};
		"6CC57D9CD36AB4157B7DA3DB" = {
			"isa" = "PBXBuildFile";
			"fileRef" = "C173C594D5E453E168E13384";
		};
		"C873E407F0D2907558446F11" = {
			"isa" = "PBXBuildFile";
			"fileRef" = "AD0EEBBD398209D9EDC6C92A";
		};
		"B12F6B66BFC6B05F2C8345B6" = {
			"isa" = "PBXResourcesBuildPhase";
			"buildActionMask" = "2147483647";
			"files" = ("2B9F1170102136D27FC64516", "2AE68441D8E16EE08F33B8B6", "4DAAF8841A3FF5D5332B9D37", "66FE47545AD81AC69AA5BD50", "6CC57D9CD36AB4157B7DA3DB", "C873E407F0D2907558446F11");
			"runOnlyForDeploymentPostprocessing" = "0";
		};
		"CF1D0F17BB8CDE0C5DAEDA27" = {
			"isa" = "PBXNativeTarget";
			"buildConfigurationList" = "3BE1B1921C40001BF38C1B2B";
			"buildPhases" = ("EED08678A55096DC5608FAAE", "D63755EE8216F3EF96F68F1F", "B12F6B66BFC6B05F2C8345B6", "70169F10B8C6D32730D688FB");
			"buildRules" = ();
			"dependencies" = ("C36A7DF6140F9A1E90D950FA");
			"name" = "SecondHand";
			"productName" = "SecondHand";
			"productReference" = "8D775C3A3F8898DEFB604C56";
			"productType" = "com.apple.product-type.application";
		};
		"37D3F88BFE6F3F731FFD510D" = {
			"isa" = "PBXFileReference";
			"lastKnownFileType" = "image.pdf";
			"path" = "Tests/Fixtures/synthetic_1040sr_realistic_scan.pdf";
			"sourceTree" = "SOURCE_ROOT";
		};
		"A4ED2DB80DCA5BE71E1CBB69" = {
			"isa" = "XCBuildConfiguration";
			"buildSettings" = {
				"IPHONEOS_DEPLOYMENT_TARGET" = "17.0";
				"SDKROOT" = "iphoneos";
				"SWIFT_VERSION" = "5.0";
				"TARGETED_DEVICE_FAMILY" = "1,2";
				"CODE_SIGN_STYLE" = "Automatic";
				"CLANG_ENABLE_MODULES" = "YES";
				"SWIFT_STRICT_CONCURRENCY" = "complete";
				"ENABLE_USER_SCRIPT_SANDBOXING" = "YES";
				"SUPPORTS_MACCATALYST" = "NO";
				"PRODUCT_BUNDLE_IDENTIFIER" = "com.ethanpam.secondhand.tests";
				"PRODUCT_NAME" = "$(TARGET_NAME)";
				"GENERATE_INFOPLIST_FILE" = "YES";
				"TEST_HOST" = "$(BUILT_PRODUCTS_DIR)/SecondHand.app/SecondHand";
				"BUNDLE_LOADER" = "$(TEST_HOST)";
				"LD_RUNPATH_SEARCH_PATHS" = ("$(inherited)", "@executable_path/Frameworks", "@loader_path/Frameworks");
				"SWIFT_OPTIMIZATION_LEVEL" = "-Onone";
				"SWIFT_ACTIVE_COMPILATION_CONDITIONS" = "DEBUG";
				"DEBUG_INFORMATION_FORMAT" = "dwarf";
			};
			"name" = "Debug";
		};
		"8C3832AFD4A46CA77385D367" = {
			"isa" = "XCBuildConfiguration";
			"buildSettings" = {
				"IPHONEOS_DEPLOYMENT_TARGET" = "17.0";
				"SDKROOT" = "iphoneos";
				"SWIFT_VERSION" = "5.0";
				"TARGETED_DEVICE_FAMILY" = "1,2";
				"CODE_SIGN_STYLE" = "Automatic";
				"CLANG_ENABLE_MODULES" = "YES";
				"SWIFT_STRICT_CONCURRENCY" = "complete";
				"ENABLE_USER_SCRIPT_SANDBOXING" = "YES";
				"SUPPORTS_MACCATALYST" = "NO";
				"PRODUCT_BUNDLE_IDENTIFIER" = "com.ethanpam.secondhand.tests";
				"PRODUCT_NAME" = "$(TARGET_NAME)";
				"GENERATE_INFOPLIST_FILE" = "YES";
				"TEST_HOST" = "$(BUILT_PRODUCTS_DIR)/SecondHand.app/SecondHand";
				"BUNDLE_LOADER" = "$(TEST_HOST)";
				"LD_RUNPATH_SEARCH_PATHS" = ("$(inherited)", "@executable_path/Frameworks", "@loader_path/Frameworks");
				"SWIFT_OPTIMIZATION_LEVEL" = "-O";
				"SWIFT_ACTIVE_COMPILATION_CONDITIONS" = "";
				"DEBUG_INFORMATION_FORMAT" = "dwarf-with-dsym";
			};
			"name" = "Release";
		};
		"20FD668BFDA68F2C0071E84B" = {
			"isa" = "XCConfigurationList";
			"buildConfigurations" = ("A4ED2DB80DCA5BE71E1CBB69", "8C3832AFD4A46CA77385D367");
			"defaultConfigurationIsVisible" = "0";
			"defaultConfigurationName" = "Release";
		};
		"2DC3E78BB80BBECB7128640E" = {
			"isa" = "PBXBuildFile";
			"fileRef" = "7FABE174E0F7A3305D2AB747";
		};
		"5B8B3DDC57ACBC5D49B855B2" = {
			"isa" = "PBXBuildFile";
			"fileRef" = "1835CDA21EF9B4D0162D2AB4";
		};
		"5DE207DA2A96A46179E4AFCC" = {
			"isa" = "PBXSourcesBuildPhase";
			"buildActionMask" = "2147483647";
			"files" = ("2DC3E78BB80BBECB7128640E", "5B8B3DDC57ACBC5D49B855B2");
			"runOnlyForDeploymentPostprocessing" = "0";
		};
		"4E0A3F1CBD27D40FB94D666B" = {
			"isa" = "PBXFrameworksBuildPhase";
			"buildActionMask" = "2147483647";
			"files" = ();
			"runOnlyForDeploymentPostprocessing" = "0";
		};
		"4A1918B4E22AF0E06DCD67CB" = {
			"isa" = "PBXBuildFile";
			"fileRef" = "37D3F88BFE6F3F731FFD510D";
		};
		"986DD5F9A1F5767EA2D96490" = {
			"isa" = "PBXResourcesBuildPhase";
			"buildActionMask" = "2147483647";
			"files" = ("4A1918B4E22AF0E06DCD67CB");
			"runOnlyForDeploymentPostprocessing" = "0";
		};
		"76AA5F31E37E907B73BDB240" = {
			"isa" = "PBXNativeTarget";
			"buildConfigurationList" = "20FD668BFDA68F2C0071E84B";
			"buildPhases" = ("5DE207DA2A96A46179E4AFCC", "4E0A3F1CBD27D40FB94D666B", "986DD5F9A1F5767EA2D96490");
			"buildRules" = ();
			"dependencies" = ("E4B2056AF23A63B073643052");
			"name" = "SecondHandTests";
			"productName" = "SecondHandTests";
			"productReference" = "7460B46AFB914F2853C7EA02";
			"productType" = "com.apple.product-type.bundle.unit-test";
		};
		"A89D1D7466E93D74F2212F04" = {
			"isa" = "XCBuildConfiguration";
			"buildSettings" = {
				"IPHONEOS_DEPLOYMENT_TARGET" = "17.0";
				"SDKROOT" = "iphoneos";
				"SWIFT_VERSION" = "5.0";
				"TARGETED_DEVICE_FAMILY" = "1,2";
				"CODE_SIGN_STYLE" = "Automatic";
				"CLANG_ENABLE_MODULES" = "YES";
				"SWIFT_STRICT_CONCURRENCY" = "complete";
				"ENABLE_USER_SCRIPT_SANDBOXING" = "YES";
				"SUPPORTS_MACCATALYST" = "NO";
				"PRODUCT_BUNDLE_IDENTIFIER" = "com.ethanpam.secondhand.uitests";
				"PRODUCT_NAME" = "$(TARGET_NAME)";
				"GENERATE_INFOPLIST_FILE" = "YES";
				"TEST_TARGET_NAME" = "SecondHand";
				"LD_RUNPATH_SEARCH_PATHS" = ("$(inherited)", "@executable_path/Frameworks", "@loader_path/Frameworks");
				"SWIFT_OPTIMIZATION_LEVEL" = "-Onone";
				"SWIFT_ACTIVE_COMPILATION_CONDITIONS" = "DEBUG";
				"DEBUG_INFORMATION_FORMAT" = "dwarf";
			};
			"name" = "Debug";
		};
		"6A92D702F1819EB756BB11AC" = {
			"isa" = "XCBuildConfiguration";
			"buildSettings" = {
				"IPHONEOS_DEPLOYMENT_TARGET" = "17.0";
				"SDKROOT" = "iphoneos";
				"SWIFT_VERSION" = "5.0";
				"TARGETED_DEVICE_FAMILY" = "1,2";
				"CODE_SIGN_STYLE" = "Automatic";
				"CLANG_ENABLE_MODULES" = "YES";
				"SWIFT_STRICT_CONCURRENCY" = "complete";
				"ENABLE_USER_SCRIPT_SANDBOXING" = "YES";
				"SUPPORTS_MACCATALYST" = "NO";
				"PRODUCT_BUNDLE_IDENTIFIER" = "com.ethanpam.secondhand.uitests";
				"PRODUCT_NAME" = "$(TARGET_NAME)";
				"GENERATE_INFOPLIST_FILE" = "YES";
				"TEST_TARGET_NAME" = "SecondHand";
				"LD_RUNPATH_SEARCH_PATHS" = ("$(inherited)", "@executable_path/Frameworks", "@loader_path/Frameworks");
				"SWIFT_OPTIMIZATION_LEVEL" = "-O";
				"SWIFT_ACTIVE_COMPILATION_CONDITIONS" = "";
				"DEBUG_INFORMATION_FORMAT" = "dwarf-with-dsym";
			};
			"name" = "Release";
		};
		"2CD7880662CE684F52E0B9B0" = {
			"isa" = "XCConfigurationList";
			"buildConfigurations" = ("A89D1D7466E93D74F2212F04", "6A92D702F1819EB756BB11AC");
			"defaultConfigurationIsVisible" = "0";
			"defaultConfigurationName" = "Release";
		};
		"21CBBDF5E9500E9CD362732B" = {
			"isa" = "PBXBuildFile";
			"fileRef" = "965CDD8F1B1AF46A9DA76208";
		};
		"10546E7AA358331B17ADD41A" = {
			"isa" = "PBXSourcesBuildPhase";
			"buildActionMask" = "2147483647";
			"files" = ("21CBBDF5E9500E9CD362732B");
			"runOnlyForDeploymentPostprocessing" = "0";
		};
		"703EFA474A7D1087DA0A74FE" = {
			"isa" = "PBXFrameworksBuildPhase";
			"buildActionMask" = "2147483647";
			"files" = ();
			"runOnlyForDeploymentPostprocessing" = "0";
		};
		"2F24313DE56426BFDCC5285D" = {
			"isa" = "PBXResourcesBuildPhase";
			"buildActionMask" = "2147483647";
			"files" = ();
			"runOnlyForDeploymentPostprocessing" = "0";
		};
		"4B9AF78083F3F718F2E8F171" = {
			"isa" = "PBXNativeTarget";
			"buildConfigurationList" = "2CD7880662CE684F52E0B9B0";
			"buildPhases" = ("10546E7AA358331B17ADD41A", "703EFA474A7D1087DA0A74FE", "2F24313DE56426BFDCC5285D");
			"buildRules" = ();
			"dependencies" = ("E4B2056AF23A63B073643052");
			"name" = "SecondHandUITests";
			"productName" = "SecondHandUITests";
			"productReference" = "D21386D08AC5A7D6E9E38039";
			"productType" = "com.apple.product-type.bundle.ui-testing";
		};
		"0A3E27B8CA818264D75C8D81" = {
			"isa" = "PBXGroup";
			"children" = ("8D775C3A3F8898DEFB604C56", "39FF51C090F0C5334C519584", "7460B46AFB914F2853C7EA02", "D21386D08AC5A7D6E9E38039");
			"name" = "Products";
			"sourceTree" = "<group>";
		};
		"0D6E4079E36703EBD37C0072" = {
			"isa" = "PBXGroup";
			"children" = ("209DFDAE478B3915B79E71F1", "AC62D47534F9238CCBAE52EE", "12B20CD8AD59EF74A9F97DFB", "544EFA230CE3D861CD7856A0", "F52BAF4FC250E4971553A81A", "593F761B3A02F11ED9F7E739", "4AD88B8ECD2B6EEEAE4F5A48", "0BCA6E3BB81DECC43ECCE875", "2938FAEC18EC0DA325647932", "086A968FF92072F8399CB5F8", "1DA65FCB56C2597220471E65", "B5AA56EFDBD7E53EE8937D87", "8B7ED5737C04CEC11BC23731", "60193982B7DB7E766ADB4545", "6492D9A38EA41B9EB7578026", "1AB2BCF12CF077AC7EC7BB37", "7FABE174E0F7A3305D2AB747", "1835CDA21EF9B4D0162D2AB4", "37D3F88BFE6F3F731FFD510D", "965CDD8F1B1AF46A9DA76208", "258638FBCB2C5C331AAD30D6", "EA1CA7506195A4236396D94D", "F2555821D901F73663E3E7DA", "1A5DEDB8D4B0950EEFD67A88", "7B0231021FE4853F1671FEFC", "A1CBF4E0EE32D922D50C35B2", "C5C6C2D62483F0137A13CF50", "ABB6DBEB3B50CFE221F27C18", "8B57EBB18C3D1A6649188D2F", "F634B87F20561C3CAC59CD66", "8B0E5637653B5216765F7A8F", "EBD889393485FD246A1C8298", "A5219A9D4DA87AE38F9A0F3E", "C173C594D5E453E168E13384", "F062122B40C90EE505E9EC81", "AD0EEBBD398209D9EDC6C92A", "0A3E27B8CA818264D75C8D81");
			"sourceTree" = "<group>";
		};
		"73EBF6644258C120893E685D" = {
			"isa" = "XCBuildConfiguration";
			"buildSettings" = {
				"ENABLE_TESTABILITY" = "YES";
				"CLANG_WARN_DOCUMENTATION_COMMENTS" = "YES";
				"SWIFT_OPTIMIZATION_LEVEL" = "-Onone";
				"SWIFT_ACTIVE_COMPILATION_CONDITIONS" = "DEBUG";
				"DEBUG_INFORMATION_FORMAT" = "dwarf";
			};
			"name" = "Debug";
		};
		"0B0C687DF8B6B8DC790B519C" = {
			"isa" = "XCBuildConfiguration";
			"buildSettings" = {
				"ENABLE_TESTABILITY" = "YES";
				"CLANG_WARN_DOCUMENTATION_COMMENTS" = "YES";
				"SWIFT_OPTIMIZATION_LEVEL" = "-O";
				"SWIFT_ACTIVE_COMPILATION_CONDITIONS" = "";
				"DEBUG_INFORMATION_FORMAT" = "dwarf-with-dsym";
			};
			"name" = "Release";
		};
		"76F8DEC3DFE0BDB465198890" = {
			"isa" = "XCConfigurationList";
			"buildConfigurations" = ("73EBF6644258C120893E685D", "0B0C687DF8B6B8DC790B519C");
			"defaultConfigurationIsVisible" = "0";
			"defaultConfigurationName" = "Release";
		};
		"244210E48437B6556980A702" = {
			"isa" = "PBXProject";
			"attributes" = {
				"BuildIndependentTargetsInParallel" = "YES";
				"LastUpgradeCheck" = "2600";
			};
			"buildConfigurationList" = "76F8DEC3DFE0BDB465198890";
			"compatibilityVersion" = "Xcode 14.0";
			"developmentRegion" = "en";
			"hasScannedForEncodings" = "0";
			"knownRegions" = ("en", "Base");
			"mainGroup" = "0D6E4079E36703EBD37C0072";
			"productRefGroup" = "0A3E27B8CA818264D75C8D81";
			"projectDirPath" = "";
			"projectRoot" = "";
			"targets" = ("CF1D0F17BB8CDE0C5DAEDA27", "B1CBD432F63C615025ABEEEA", "76AA5F31E37E907B73BDB240", "4B9AF78083F3F718F2E8F171");
		};
	};
	"rootObject" = "244210E48437B6556980A702";
}
